
Microsoft Visual Studio Solution File, Format Version 12.00
# Visual Studio 2013
VisualStudioVersion = 12.0.21005.1
MinimumVisualStudioVersion = 10.0.40219.1
Project("{FAE04EC0-301F-11D3-BF4B-00C04F79EFBC}") = "SportsStore.Domain", "SportsStore.Domain\SportsStore.Domain.csproj", "{BD923537-E448-4FB0-B3C6-B1DFA57DA418}"
EndProject
Project("{FAE04EC0-301F-11D3-BF4B-00C04F79EFBC}") = "SportsStore.WebUI", "SportsStore.WebUI\SportsStore.WebUI.csproj", "{174F2EFF-4362-4E44-ABDA-29279DA7459D}"
EndProject
Project("{FAE04EC0-301F-11D3-BF4B-00C04F79EFBC}") = "SportsStore.UnitTests", "SportsStore.UnitTests\SportsStore.UnitTests.csproj", "{1435DD67-5057-4265-8E38-6AD954B4EB56}"
EndProject
Global
	GlobalSection(SolutionConfigurationPlatforms) = preSolution
		Debug|Any CPU = Debug|Any CPU
		Release|Any CPU = Release|Any CPU
	EndGlobalSection
	GlobalSection(ProjectConfigurationPlatforms) = postSolution
		{BD923537-E448-4FB0-B3C6-B1DFA57DA418}.Debug|Any CPU.ActiveCfg = Debug|Any CPU
		{BD923537-E448-4FB0-B3C6-B1DFA57DA418}.Debug|Any CPU.Build.0 = Debug|Any CPU
		{BD923537-E448-4FB0-B3C6-B1DFA57DA418}.Release|Any CPU.ActiveCfg = Release|Any CPU
		{BD923537-E448-4FB0-B3C6-B1DFA57DA418}.Release|Any CPU.Build.0 = Release|Any CPU
		{174F2EFF-4362-4E44-ABDA-29279DA7459D}.Debug|Any CPU.ActiveCfg = Debug|Any CPU
		{174F2EFF-4362-4E44-ABDA-29279DA7459D}.Debug|Any CPU.Build.0 = Debug|Any CPU
		{174F2EFF-4362-4E44-ABDA-29279DA7459D}.Release|Any CPU.ActiveCfg = Release|Any CPU
		{174F2EFF-4362-4E44-ABDA-29279DA7459D}.Release|Any CPU.Build.0 = Release|Any CPU
		{1435DD67-5057-4265-8E38-6AD954B4EB56}.Debug|Any CPU.ActiveCfg = Debug|Any CPU
		{1435DD67-5057-4265-8E38-6AD954B4EB56}.Debug|Any CPU.Build.0 = Debug|Any CPU
		{1435DD67-5057-4265-8E38-6AD954B4EB56}.Release|Any CPU.ActiveCfg = Release|Any CPU
		{1435DD67-5057-4265-8E38-6AD954B4EB56}.Release|Any CPU.Build.0 = Release|Any CPU
	EndGlobalSection
	GlobalSection(SolutionProperties) = preSolution
		HideSolutionNode = FALSE
	EndGlobalSection
EndGlobal
